
Microsoft Visual Studio Solution File, Format Version 12.00
# Visual Studio Version 17
VisualStudioVersion = 17.14.36310.24 d17.14
MinimumVisualStudioVersion = 10.0.40219.1
Project("{FAE04EC0-301F-11D3-BF4B-00C04F79EFBC}") = "E", "E\E.csproj", "{2CCCBEDA-0C1F-4255-B996-CC742CBB443C}"
EndProject
Global
	GlobalSection(SolutionConfigurationPlatforms) = preSolution
		Debug|Any CPU = Debug|Any CPU
		Release|Any CPU = Release|Any CPU
	EndGlobalSection
	GlobalSection(ProjectConfigurationPlatforms) = postSolution
		{2CCCBEDA-0C1F-4255-B996-CC742CBB443C}.Debug|Any CPU.ActiveCfg = Debug|Any CPU
		{2CCCBEDA-0C1F-4255-B996-CC742CBB443C}.Debug|Any CPU.Build.0 = Debug|Any CPU
		{2CCCBEDA-0C1F-4255-B996-CC742CBB443C}.Release|Any CPU.ActiveCfg = Release|Any CPU
		{2CCCBEDA-0C1F-4255-B996-CC742CBB443C}.Release|Any CPU.Build.0 = Release|Any CPU
	EndGlobalSection
	GlobalSection(SolutionProperties) = preSolution
		HideSolutionNode = FALSE
	EndGlobalSection
	GlobalSection(ExtensibilityGlobals) = postSolution
		SolutionGuid = {E78A6359-D684-4646-9107-C2D38C17A6FC}
	EndGlobalSection
EndGlobal
